
Microsoft Visual Studio Solution File, Format Version 12.00
# Visual Studio 15
VisualStudioVersion = 15.0.27428.2043
MinimumVisualStudioVersion = 10.0.40219.1
Project("{FAE04EC0-301F-11D3-BF4B-00C04F79EFBC}") = "HomeAutomationMobile.Android", "HomeAutomationMobile\HomeAutomationMobile.Android\HomeAutomationMobile.Android.csproj", "{F13A04D8-BB62-41E2-92F5-B56605280EB9}"
EndProject
Project("{FAE04EC0-301F-11D3-BF4B-00C04F79EFBC}") = "HomeAutomationMobile.iOS", "HomeAutomationMobile\HomeAutomationMobile.iOS\HomeAutomationMobile.iOS.csproj", "{6DE803FC-F474-481D-A584-FF971DFC8A3B}"
EndProject
Project("{FAE04EC0-301F-11D3-BF4B-00C04F79EFBC}") = "HomeAutomationMobile.UWP", "HomeAutomationMobile\HomeAutomationMobile.UWP\HomeAutomationMobile.UWP.csproj", "{59C7783F-8EAD-4055-AD78-A38679BA8508}"
EndProject
Project("{D954291E-2A0B-460D-934E-DC6B0785DB48}") = "HomeAutomationMobile", "HomeAutomationMobile\HomeAutomationMobile\HomeAutomationMobile.shproj", "{19B948CF-051D-4495-A38F-2F389F696507}"
EndProject
Global
	GlobalSection(SharedMSBuildProjectFiles) = preSolution
		HomeAutomationMobile\HomeAutomationMobile\HomeAutomationMobile.projitems*{19b948cf-051d-4495-a38f-2f389f696507}*SharedItemsImports = 13
		HomeAutomationMobile\HomeAutomationMobile\HomeAutomationMobile.projitems*{59c7783f-8ead-4055-ad78-a38679ba8508}*SharedItemsImports = 4
		HomeAutomationMobile\HomeAutomationMobile\HomeAutomationMobile.projitems*{6de803fc-f474-481d-a584-ff971dfc8a3b}*SharedItemsImports = 4
		HomeAutomationMobile\HomeAutomationMobile\HomeAutomationMobile.projitems*{f13a04d8-bb62-41e2-92f5-b56605280eb9}*SharedItemsImports = 4
	EndGlobalSection
	GlobalSection(SolutionConfigurationPlatforms) = preSolution
		Ad-Hoc|Any CPU = Ad-Hoc|Any CPU
		Ad-Hoc|ARM = Ad-Hoc|ARM
		Ad-Hoc|iPhone = Ad-Hoc|iPhone
		Ad-Hoc|iPhoneSimulator = Ad-Hoc|iPhoneSimulator
		Ad-Hoc|x64 = Ad-Hoc|x64
		Ad-Hoc|x86 = Ad-Hoc|x86
		AppStore|Any CPU = AppStore|Any CPU
		AppStore|ARM = AppStore|ARM
		AppStore|iPhone = AppStore|iPhone
		AppStore|iPhoneSimulator = AppStore|iPhoneSimulator
		AppStore|x64 = AppStore|x64
		AppStore|x86 = AppStore|x86
		Debug|Any CPU = Debug|Any CPU
		Debug|ARM = Debug|ARM
		Debug|iPhone = Debug|iPhone
		Debug|iPhoneSimulator = Debug|iPhoneSimulator
		Debug|x64 = Debug|x64
		Debug|x86 = Debug|x86
		Release|Any CPU = Release|Any CPU
		Release|ARM = Release|ARM
		Release|iPhone = Release|iPhone
		Release|iPhoneSimulator = Release|iPhoneSimulator
		Release|x64 = Release|x64
		Release|x86 = Release|x86
	EndGlobalSection
	GlobalSection(ProjectConfigurationPlatforms) = postSolution
		{F13A04D8-BB62-41E2-92F5-B56605280EB9}.Ad-Hoc|Any CPU.ActiveCfg = Release|Any CPU
		{F13A04D8-BB62-41E2-92F5-B56605280EB9}.Ad-Hoc|Any CPU.Build.0 = Release|Any CPU
		{F13A04D8-BB62-41E2-92F5-B56605280EB9}.Ad-Hoc|Any CPU.Deploy.0 = Release|Any CPU
		{F13A04D8-BB62-41E2-92F5-B56605280EB9}.Ad-Hoc|ARM.ActiveCfg = Release|Any CPU
		{F13A04D8-BB62-41E2-92F5-B56605280EB9}.Ad-Hoc|ARM.Build.0 = Release|Any CPU
		{F13A04D8-BB62-41E2-92F5-B56605280EB9}.Ad-Hoc|ARM.Deploy.0 = Release|Any CPU
		{F13A04D8-BB62-41E2-92F5-B56605280EB9}.Ad-Hoc|iPhone.ActiveCfg = Release|Any CPU
		{F13A04D8-BB62-41E2-92F5-B56605280EB9}.Ad-Hoc|iPhone.Build.0 = Release|Any CPU
		{F13A04D8-BB62-41E2-92F5-B56605280EB9}.Ad-Hoc|iPhone.Deploy.0 = Release|Any CPU
		{F13A04D8-BB62-41E2-92F5-B56605280EB9}.Ad-Hoc|iPhoneSimulator.ActiveCfg = Release|Any CPU
		{F13A04D8-BB62-41E2-92F5-B56605280EB9}.Ad-Hoc|iPhoneSimulator.Build.0 = Release|Any CPU
		{F13A04D8-BB62-41E2-92F5-B56605280EB9}.Ad-Hoc|iPhoneSimulator.Deploy.0 = Release|Any CPU
		{F13A04D8-BB62-41E2-92F5-B56605280EB9}.Ad-Hoc|x64.ActiveCfg = Release|Any CPU
		{F13A04D8-BB62-41E2-92F5-B56605280EB9}.Ad-Hoc|x64.Build.0 = Release|Any CPU
		{F13A04D8-BB62-41E2-92F5-B56605280EB9}.Ad-Hoc|x64.Deploy.0 = Release|Any CPU
		{F13A04D8-BB62-41E2-92F5-B56605280EB9}.Ad-Hoc|x86.ActiveCfg = Release|Any CPU
		{F13A04D8-BB62-41E2-92F5-B56605280EB9}.Ad-Hoc|x86.Build.0 = Release|Any CPU
		{F13A04D8-BB62-41E2-92F5-B56605280EB9}.Ad-Hoc|x86.Deploy.0 = Release|Any CPU
		{F13A04D8-BB62-41E2-92F5-B56605280EB9}.AppStore|Any CPU.ActiveCfg = Release|Any CPU
		{F13A04D8-BB62-41E2-92F5-B56605280EB9}.AppStore|Any CPU.Build.0 = Release|Any CPU
		{F13A04D8-BB62-41E2-92F5-B56605280EB9}.AppStore|Any CPU.Deploy.0 = Release|Any CPU
		{F13A04D8-BB62-41E2-92F5-B56605280EB9}.AppStore|ARM.ActiveCfg = Release|Any CPU
		{F13A04D8-BB62-41E2-92F5-B56605280EB9}.AppStore|ARM.Build.0 = Release|Any CPU
		{F13A04D8-BB62-41E2-92F5-B56605280EB9}.AppStore|ARM.Deploy.0 = Release|Any CPU
		{F13A04D8-BB62-41E2-92F5-B56605280EB9}.AppStore|iPhone.ActiveCfg = Release|Any CPU
		{F13A04D8-BB62-41E2-92F5-B56605280EB9}.AppStore|iPhone.Build.0 = Release|Any CPU
		{F13A04D8-BB62-41E2-92F5-B56605280EB9}.AppStore|iPhone.Deploy.0 = Release|Any CPU
		{F13A04D8-BB62-41E2-92F5-B56605280EB9}.AppStore|iPhoneSimulator.ActiveCfg = Release|Any CPU
		{F13A04D8-BB62-41E2-92F5-B56605280EB9}.AppStore|iPhoneSimulator.Build.0 = Release|Any CPU
		{F13A04D8-BB62-41E2-92F5-B56605280EB9}.AppStore|iPhoneSimulator.Deploy.0 = Release|Any CPU
		{F13A04D8-BB62-41E2-92F5-B56605280EB9}.AppStore|x64.ActiveCfg = Release|Any CPU
		{F13A04D8-BB62-41E2-92F5-B56605280EB9}.AppStore|x64.Build.0 = Release|Any CPU
		{F13A04D8-BB62-41E2-92F5-B56605280EB9}.AppStore|x64.Deploy.0 = Release|Any CPU
		{F13A04D8-BB62-41E2-92F5-B56605280EB9}.AppStore|x86.ActiveCfg = Release|Any CPU
		{F13A04D8-BB62-41E2-92F5-B56605280EB9}.AppStore|x86.Build.0 = Release|Any CPU
		{F13A04D8-BB62-41E2-92F5-B56605280EB9}.AppStore|x86.Deploy.0 = Release|Any CPU
		{F13A04D8-BB62-41E2-92F5-B56605280EB9}.Debug|Any CPU.ActiveCfg = Debug|Any CPU
		{F13A04D8-BB62-41E2-92F5-B56605280EB9}.Debug|Any CPU.Build.0 = Debug|Any CPU
		{F13A04D8-BB62-41E2-92F5-B56605280EB9}.Debug|Any CPU.Deploy.0 = Debug|Any CPU
		{F13A04D8-BB62-41E2-92F5-B56605280EB9}.Debug|ARM.ActiveCfg = Debug|Any CPU
		{F13A04D8-BB62-41E2-92F5-B56605280EB9}.Debug|ARM.Build.0 = Debug|Any CPU
		{F13A04D8-BB62-41E2-92F5-B56605280EB9}.Debug|ARM.Deploy.0 = Debug|Any CPU
		{F13A04D8-BB62-41E2-92F5-B56605280EB9}.Debug|iPhone.ActiveCfg = Debug|Any CPU
		{F13A04D8-BB62-41E2-92F5-B56605280EB9}.Debug|iPhone.Build.0 = Debug|Any CPU
		{F13A04D8-BB62-41E2-92F5-B56605280EB9}.Debug|iPhone.Deploy.0 = Debug|Any CPU
		{F13A04D8-BB62-41E2-92F5-B56605280EB9}.Debug|iPhoneSimulator.ActiveCfg = Debug|Any CPU
		{F13A04D8-BB62-41E2-92F5-B56605280EB9}.Debug|iPhoneSimulator.Build.0 = Debug|Any CPU
		{F13A04D8-BB62-41E2-92F5-B56605280EB9}.Debug|iPhoneSimulator.Deploy.0 = Debug|Any CPU
		{F13A04D8-BB62-41E2-92F5-B56605280EB9}.Debug|x64.ActiveCfg = Debug|Any CPU
		{F13A04D8-BB62-41E2-92F5-B56605280EB9}.Debug|x64.Build.0 = Debug|Any CPU
		{F13A04D8-BB62-41E2-92F5-B56605280EB9}.Debug|x64.Deploy.0 = Debug|Any CPU
		{F13A04D8-BB62-41E2-92F5-B56605280EB9}.Debug|x86.ActiveCfg = Debug|Any CPU
		{F13A04D8-BB62-41E2-92F5-B56605280EB9}.Debug|x86.Build.0 = Debug|Any CPU
		{F13A04D8-BB62-41E2-92F5-B56605280EB9}.Debug|x86.Deploy.0 = Debug|Any CPU
		{F13A04D8-BB62-41E2-92F5-B56605280EB9}.Release|Any CPU.ActiveCfg = Release|Any CPU
		{F13A04D8-BB62-41E2-92F5-B56605280EB9}.Release|Any CPU.Build.0 = Release|Any CPU
		{F13A04D8-BB62-41E2-92F5-B56605280EB9}.Release|Any CPU.Deploy.0 = Release|Any CPU
		{F13A04D8-BB62-41E2-92F5-B56605280EB9}.Release|ARM.ActiveCfg = Release|Any CPU
		{F13A04D8-BB62-41E2-92F5-B56605280EB9}.Release|ARM.Build.0 = Release|Any CPU
		{F13A04D8-BB62-41E2-92F5-B56605280EB9}.Release|ARM.Deploy.0 = Release|Any CPU
		{F13A04D8-BB62-41E2-92F5-B56605280EB9}.Release|iPhone.ActiveCfg = Release|Any CPU
		{F13A04D8-BB62-41E2-92F5-B56605280EB9}.Release|iPhone.Build.0 = Release|Any CPU
		{F13A04D8-BB62-41E2-92F5-B56605280EB9}.Release|iPhone.Deploy.0 = Release|Any CPU
		{F13A04D8-BB62-41E2-92F5-B56605280EB9}.Release|iPhoneSimulator.ActiveCfg = Release|Any CPU
		{F13A04D8-BB62-41E2-92F5-B56605280EB9}.Release|iPhoneSimulator.Build.0 = Release|Any CPU
		{F13A04D8-BB62-41E2-92F5-B56605280EB9}.Release|iPhoneSimulator.Deploy.0 = Release|Any CPU
		{F13A04D8-BB62-41E2-92F5-B56605280EB9}.Release|x64.ActiveCfg = Release|Any CPU
		{F13A04D8-BB62-41E2-92F5-B56605280EB9}.Release|x64.Build.0 = Release|Any CPU
		{F13A04D8-BB62-41E2-92F5-B56605280EB9}.Release|x64.Deploy.0 = Release|Any CPU
		{F13A04D8-BB62-41E2-92F5-B56605280EB9}.Release|x86.ActiveCfg = Release|Any CPU
		{F13A04D8-BB62-41E2-92F5-B56605280EB9}.Release|x86.Build.0 = Release|Any CPU
		{F13A04D8-BB62-41E2-92F5-B56605280EB9}.Release|x86.Deploy.0 = Release|Any CPU
		{6DE803FC-F474-481D-A584-FF971DFC8A3B}.Ad-Hoc|Any CPU.ActiveCfg = Ad-Hoc|iPhone
		{6DE803FC-F474-481D-A584-FF971DFC8A3B}.Ad-Hoc|ARM.ActiveCfg = Ad-Hoc|iPhone
		{6DE803FC-F474-481D-A584-FF971DFC8A3B}.Ad-Hoc|iPhone.ActiveCfg = Ad-Hoc|iPhone
		{6DE803FC-F474-481D-A584-FF971DFC8A3B}.Ad-Hoc|iPhone.Build.0 = Ad-Hoc|iPhone
		{6DE803FC-F474-481D-A584-FF971DFC8A3B}.Ad-Hoc|iPhoneSimulator.ActiveCfg = Ad-Hoc|iPhoneSimulator
		{6DE803FC-F474-481D-A584-FF971DFC8A3B}.Ad-Hoc|iPhoneSimulator.Build.0 = Ad-Hoc|iPhoneSimulator
		{6DE803FC-F474-481D-A584-FF971DFC8A3B}.Ad-Hoc|x64.ActiveCfg = Ad-Hoc|iPhone
		{6DE803FC-F474-481D-A584-FF971DFC8A3B}.Ad-Hoc|x86.ActiveCfg = Ad-Hoc|iPhone
		{6DE803FC-F474-481D-A584-FF971DFC8A3B}.AppStore|Any CPU.ActiveCfg = AppStore|iPhone
		{6DE803FC-F474-481D-A584-FF971DFC8A3B}.AppStore|ARM.ActiveCfg = AppStore|iPhone
		{6DE803FC-F474-481D-A584-FF971DFC8A3B}.AppStore|iPhone.ActiveCfg = AppStore|iPhone
		{6DE803FC-F474-481D-A584-FF971DFC8A3B}.AppStore|iPhone.Build.0 = AppStore|iPhone
		{6DE803FC-F474-481D-A584-FF971DFC8A3B}.AppStore|iPhoneSimulator.ActiveCfg = AppStore|iPhoneSimulator
		{6DE803FC-F474-481D-A584-FF971DFC8A3B}.AppStore|iPhoneSimulator.Build.0 = AppStore|iPhoneSimulator
		{6DE803FC-F474-481D-A584-FF971DFC8A3B}.AppStore|x64.ActiveCfg = AppStore|iPhone
		{6DE803FC-F474-481D-A584-FF971DFC8A3B}.AppStore|x86.ActiveCfg = AppStore|iPhone
		{6DE803FC-F474-481D-A584-FF971DFC8A3B}.Debug|Any CPU.ActiveCfg = Debug|iPhone
		{6DE803FC-F474-481D-A584-FF971DFC8A3B}.Debug|ARM.ActiveCfg = Debug|iPhone
		{6DE803FC-F474-481D-A584-FF971DFC8A3B}.Debug|iPhone.ActiveCfg = Debug|iPhone
		{6DE803FC-F474-481D-A584-FF971DFC8A3B}.Debug|iPhone.Build.0 = Debug|iPhone
		{6DE803FC-F474-481D-A584-FF971DFC8A3B}.Debug|iPhoneSimulator.ActiveCfg = Debug|iPhoneSimulator
		{6DE803FC-F474-481D-A584-FF971DFC8A3B}.Debug|iPhoneSimulator.Build.0 = Debug|iPhoneSimulator
		{6DE803FC-F474-481D-A584-FF971DFC8A3B}.Debug|x64.ActiveCfg = Debug|iPhone
		{6DE803FC-F474-481D-A584-FF971DFC8A3B}.Debug|x86.ActiveCfg = Debug|iPhone
		{6DE803FC-F474-481D-A584-FF971DFC8A3B}.Release|Any CPU.ActiveCfg = Release|iPhone
		{6DE803FC-F474-481D-A584-FF971DFC8A3B}.Release|ARM.ActiveCfg = Release|iPhone
		{6DE803FC-F474-481D-A584-FF971DFC8A3B}.Release|iPhone.ActiveCfg = Release|iPhone
		{6DE803FC-F474-481D-A584-FF971DFC8A3B}.Release|iPhone.Build.0 = Release|iPhone
		{6DE803FC-F474-481D-A584-FF971DFC8A3B}.Release|iPhoneSimulator.ActiveCfg = Release|iPhoneSimulator
		{6DE803FC-F474-481D-A584-FF971DFC8A3B}.Release|iPhoneSimulator.Build.0 = Release|iPhoneSimulator
		{6DE803FC-F474-481D-A584-FF971DFC8A3B}.Release|x64.ActiveCfg = Release|iPhone
		{6DE803FC-F474-481D-A584-FF971DFC8A3B}.Release|x86.ActiveCfg = Release|iPhone
		{59C7783F-8EAD-4055-AD78-A38679BA8508}.Ad-Hoc|Any CPU.ActiveCfg = Release|x86
		{59C7783F-8EAD-4055-AD78-A38679BA8508}.Ad-Hoc|Any CPU.Build.0 = Release|x86
		{59C7783F-8EAD-4055-AD78-A38679BA8508}.Ad-Hoc|Any CPU.Deploy.0 = Release|x86
		{59C7783F-8EAD-4055-AD78-A38679BA8508}.Ad-Hoc|ARM.ActiveCfg = Release|ARM
		{59C7783F-8EAD-4055-AD78-A38679BA8508}.Ad-Hoc|ARM.Build.0 = Release|ARM
		{59C7783F-8EAD-4055-AD78-A38679BA8508}.Ad-Hoc|ARM.Deploy.0 = Release|ARM
		{59C7783F-8EAD-4055-AD78-A38679BA8508}.Ad-Hoc|iPhone.ActiveCfg = Release|x86
		{59C7783F-8EAD-4055-AD78-A38679BA8508}.Ad-Hoc|iPhone.Build.0 = Release|x86
		{59C7783F-8EAD-4055-AD78-A38679BA8508}.Ad-Hoc|iPhone.Deploy.0 = Release|x86
		{59C7783F-8EAD-4055-AD78-A38679BA8508}.Ad-Hoc|iPhoneSimulator.ActiveCfg = Release|x86
		{59C7783F-8EAD-4055-AD78-A38679BA8508}.Ad-Hoc|iPhoneSimulator.Build.0 = Release|x86
		{59C7783F-8EAD-4055-AD78-A38679BA8508}.Ad-Hoc|iPhoneSimulator.Deploy.0 = Release|x86
		{59C7783F-8EAD-4055-AD78-A38679BA8508}.Ad-Hoc|x64.ActiveCfg = Release|x64
		{59C7783F-8EAD-4055-AD78-A38679BA8508}.Ad-Hoc|x64.Build.0 = Release|x64
		{59C7783F-8EAD-4055-AD78-A38679BA8508}.Ad-Hoc|x64.Deploy.0 = Release|x64
		{59C7783F-8EAD-4055-AD78-A38679BA8508}.Ad-Hoc|x86.ActiveCfg = Release|x86
		{59C7783F-8EAD-4055-AD78-A38679BA8508}.Ad-Hoc|x86.Build.0 = Release|x86
		{59C7783F-8EAD-4055-AD78-A38679BA8508}.Ad-Hoc|x86.Deploy.0 = Release|x86
		{59C7783F-8EAD-4055-AD78-A38679BA8508}.AppStore|Any CPU.ActiveCfg = Release|x86
		{59C7783F-8EAD-4055-AD78-A38679BA8508}.AppStore|Any CPU.Build.0 = Release|x86
		{59C7783F-8EAD-4055-AD78-A38679BA8508}.AppStore|Any CPU.Deploy.0 = Release|x86
		{59C7783F-8EAD-4055-AD78-A38679BA8508}.AppStore|ARM.ActiveCfg = Release|ARM
		{59C7783F-8EAD-4055-AD78-A38679BA8508}.AppStore|ARM.Build.0 = Release|ARM
		{59C7783F-8EAD-4055-AD78-A38679BA8508}.AppStore|ARM.Deploy.0 = Release|ARM
		{59C7783F-8EAD-4055-AD78-A38679BA8508}.AppStore|iPhone.ActiveCfg = Release|x86
		{59C7783F-8EAD-4055-AD78-A38679BA8508}.AppStore|iPhone.Build.0 = Release|x86
		{59C7783F-8EAD-4055-AD78-A38679BA8508}.AppStore|iPhone.Deploy.0 = Release|x86
		{59C7783F-8EAD-4055-AD78-A38679BA8508}.AppStore|iPhoneSimulator.ActiveCfg = Release|x86
		{59C7783F-8EAD-4055-AD78-A38679BA8508}.AppStore|iPhoneSimulator.Build.0 = Release|x86
		{59C7783F-8EAD-4055-AD78-A38679BA8508}.AppStore|iPhoneSimulator.Deploy.0 = Release|x86
		{59C7783F-8EAD-4055-AD78-A38679BA8508}.AppStore|x64.ActiveCfg = Release|x64
		{59C7783F-8EAD-4055-AD78-A38679BA8508}.AppStore|x64.Build.0 = Release|x64
		{59C7783F-8EAD-4055-AD78-A38679BA8508}.AppStore|x64.Deploy.0 = Release|x64
		{59C7783F-8EAD-4055-AD78-A38679BA8508}.AppStore|x86.ActiveCfg = Release|x86
		{59C7783F-8EAD-4055-AD78-A38679BA8508}.AppStore|x86.Build.0 = Release|x86
		{59C7783F-8EAD-4055-AD78-A38679BA8508}.AppStore|x86.Deploy.0 = Release|x86
		{59C7783F-8EAD-4055-AD78-A38679BA8508}.Debug|Any CPU.ActiveCfg = Debug|x86
		{59C7783F-8EAD-4055-AD78-A38679BA8508}.Debug|ARM.ActiveCfg = Debug|ARM
		{59C7783F-8EAD-4055-AD78-A38679BA8508}.Debug|ARM.Build.0 = Debug|ARM
		{59C7783F-8EAD-4055-AD78-A38679BA8508}.Debug|ARM.Deploy.0 = Debug|ARM
		{59C7783F-8EAD-4055-AD78-A38679BA8508}.Debug|iPhone.ActiveCfg = Debug|x86
		{59C7783F-8EAD-4055-AD78-A38679BA8508}.Debug|iPhoneSimulator.ActiveCfg = Debug|x86
		{59C7783F-8EAD-4055-AD78-A38679BA8508}.Debug|x64.ActiveCfg = Debug|x64
		{59C7783F-8EAD-4055-AD78-A38679BA8508}.Debug|x64.Build.0 = Debug|x64
		{59C7783F-8EAD-4055-AD78-A38679BA8508}.Debug|x64.Deploy.0 = Debug|x64
		{59C7783F-8EAD-4055-AD78-A38679BA8508}.Debug|x86.ActiveCfg = Debug|x86
		{59C7783F-8EAD-4055-AD78-A38679BA8508}.Debug|x86.Build.0 = Debug|x86
		{59C7783F-8EAD-4055-AD78-A38679BA8508}.Debug|x86.Deploy.0 = Debug|x86
		{59C7783F-8EAD-4055-AD78-A38679BA8508}.Release|Any CPU.ActiveCfg = Release|x86
		{59C7783F-8EAD-4055-AD78-A38679BA8508}.Release|ARM.ActiveCfg = Release|ARM
		{59C7783F-8EAD-4055-AD78-A38679BA8508}.Release|ARM.Build.0 = Release|ARM
		{59C7783F-8EAD-4055-AD78-A38679BA8508}.Release|ARM.Deploy.0 = Release|ARM
		{59C7783F-8EAD-4055-AD78-A38679BA8508}.Release|iPhone.ActiveCfg = Release|x86
		{59C7783F-8EAD-4055-AD78-A38679BA8508}.Release|iPhoneSimulator.ActiveCfg = Release|x86
		{59C7783F-8EAD-4055-AD78-A38679BA8508}.Release|x64.ActiveCfg = Release|x64
		{59C7783F-8EAD-4055-AD78-A38679BA8508}.Release|x64.Build.0 = Release|x64
		{59C7783F-8EAD-4055-AD78-A38679BA8508}.Release|x64.Deploy.0 = Release|x64
		{59C7783F-8EAD-4055-AD78-A38679BA8508}.Release|x86.ActiveCfg = Release|x86
		{59C7783F-8EAD-4055-AD78-A38679BA8508}.Release|x86.Build.0 = Release|x86
		{59C7783F-8EAD-4055-AD78-A38679BA8508}.Release|x86.Deploy.0 = Release|x86
	EndGlobalSection
	GlobalSection(SolutionProperties) = preSolution
		HideSolutionNode = FALSE
	EndGlobalSection
	GlobalSection(ExtensibilityGlobals) = postSolution
		SolutionGuid = {2EBD72A1-CE67-4FD6-9522-76F90891DE94}
	EndGlobalSection
EndGlobal
